lockfileVersion: '9.0'

settings:
  autoInstallPeers: true
  excludeLinksFromLockfile: false

importers:

  .:
    dependencies:
      vue:
        specifier: ^3.4.14
        version: 3.4.14(typescript@5.3.3)
      vue-i18n:
        specifier: ^9.13.1
        version: 9.13.1(vue@3.4.14(typescript@5.3.3))
    devDependencies:
      '@intlify/unplugin-vue-i18n':
        specifier: ^4.0.0
        version: 4.0.0(rollup@4.9.5)(vue-i18n@9.13.1(vue@3.4.14(typescript@5.3.3)))
      '@types/node':
        specifier: ^20.8.2
        version: 20.8.2
      '@vitejs/plugin-vue':
        specifier: ^5.0.3
        version: 5.0.3(vite@5.2.11(@types/node@20.8.2))(vue@3.4.14(typescript@5.3.3))
      typescript:
        specifier: ^5.3.2
        version: 5.3.3
      vite:
        specifier: ^5.2.11
        version: 5.2.11(@types/node@20.8.2)
      vue-tsc:
        specifier: ^1.8.15
        version: 1.8.15(typescript@5.3.3)

packages:

  '@babel/helper-string-parser@7.22.5':
    resolution: {integrity: sha512-mM4COjgZox8U+JcXQwPijIZLElkgEpO5rsERVDJTc2qfCDfERyob6k5WegS14SX18IIjv+XD+GrqNumY5JRCDw==}
    engines: {node: '>=6.9.0'}

  '@babel/helper-validator-identifier@7.22.20':
    resolution: {integrity: sha512-Y4OZ+ytlatR8AI+8KZfKuL5urKp7qey08ha31L8b3BwewJAoJamTzyvxPR/5D+KkdJCGPq/+8TukHBlY10FX9A==}
    engines: {node: '>=6.9.0'}

  '@babel/parser@7.23.0':
    resolution: {integrity: sha512-vvPKKdMemU85V9WE/l5wZEmImpCtLqbnTvqDS2U1fJ96KrxoW7KrXhNsNCblQlg8Ck4b85yxdTyelsMUgFUXiw==}
    engines: {node: '>=6.0.0'}
    hasBin: true

  '@babel/parser@7.23.6':
    resolution: {integrity: sha512-Z2uID7YJ7oNvAI20O9X0bblw7Qqs8Q2hFy0R9tAfnfLkp5MW0UH9eUvnDSnFwKZ0AvgS1ucqR4KzvVHgnke1VQ==}
    engines: {node: '>=6.0.0'}
    hasBin: true

  '@babel/types@7.23.0':
    resolution: {integrity: sha512-0oIyUfKoI3mSqMvsxBdclDwxXKXAUA8v/apZbc+iSyARYou1o8ZGDxbUYyLFoW2arqS2jDGqJuZvv1d/io1axg==}
    engines: {node: '>=6.9.0'}

  '@esbuild/aix-ppc64@0.20.2':
    resolution: {integrity: sha512-D+EBOJHXdNZcLJRBkhENNG8Wji2kgc9AZ9KiPr1JuZjsNtyHzrsfLRrY0tk2H2aoFu6RANO1y1iPPUCDYWkb5g==}
    engines: {node: '>=12'}
    cpu: [ppc64]
    os: [aix]

  '@esbuild/android-arm64@0.20.2':
    resolution: {integrity: sha512-mRzjLacRtl/tWU0SvD8lUEwb61yP9cqQo6noDZP/O8VkwafSYwZ4yWy24kan8jE/IMERpYncRt2dw438LP3Xmg==}
    engines: {node: '>=12'}
    cpu: [arm64]
    os: [android]

  '@esbuild/android-arm@0.20.2':
    resolution: {integrity: sha512-t98Ra6pw2VaDhqNWO2Oph2LXbz/EJcnLmKLGBJwEwXX/JAN83Fym1rU8l0JUWK6HkIbWONCSSatf4sf2NBRx/w==}
    engines: {node: '>=12'}
    cpu: [arm]
    os: [android]

  '@esbuild/android-x64@0.20.2':
    resolution: {integrity: sha512-btzExgV+/lMGDDa194CcUQm53ncxzeBrWJcncOBxuC6ndBkKxnHdFJn86mCIgTELsooUmwUm9FkhSp5HYu00Rg==}
    engines: {node: '>=12'}
    cpu: [x64]
    os: [android]

  '@esbuild/darwin-arm64@0.20.2':
    resolution: {integrity: sha512-4J6IRT+10J3aJH3l1yzEg9y3wkTDgDk7TSDFX+wKFiWjqWp/iCfLIYzGyasx9l0SAFPT1HwSCR+0w/h1ES/MjA==}
    engines: {node: '>=12'}
    cpu: [arm64]
    os: [darwin]

  '@esbuild/darwin-x64@0.20.2':
    resolution: {integrity: sha512-tBcXp9KNphnNH0dfhv8KYkZhjc+H3XBkF5DKtswJblV7KlT9EI2+jeA8DgBjp908WEuYll6pF+UStUCfEpdysA==}
    engines: {node: '>=12'}
    cpu: [x64]
    os: [darwin]

  '@esbuild/freebsd-arm64@0.20.2':
    resolution: {integrity: sha512-d3qI41G4SuLiCGCFGUrKsSeTXyWG6yem1KcGZVS+3FYlYhtNoNgYrWcvkOoaqMhwXSMrZRl69ArHsGJ9mYdbbw==}
    engines: {node: '>=12'}
    cpu: [arm64]
    os: [freebsd]

  '@esbuild/freebsd-x64@0.20.2':
    resolution: {integrity: sha512-d+DipyvHRuqEeM5zDivKV1KuXn9WeRX6vqSqIDgwIfPQtwMP4jaDsQsDncjTDDsExT4lR/91OLjRo8bmC1e+Cw==}
    engines: {node: '>=12'}
    cpu: [x64]
    os: [freebsd]

  '@esbuild/linux-arm64@0.20.2':
    resolution: {integrity: sha512-9pb6rBjGvTFNira2FLIWqDk/uaf42sSyLE8j1rnUpuzsODBq7FvpwHYZxQ/It/8b+QOS1RYfqgGFNLRI+qlq2A==}
    engines: {node: '>=12'}
    cpu: [arm64]
    os: [linux]

  '@esbuild/linux-arm@0.20.2':
    resolution: {integrity: sha512-VhLPeR8HTMPccbuWWcEUD1Az68TqaTYyj6nfE4QByZIQEQVWBB8vup8PpR7y1QHL3CpcF6xd5WVBU/+SBEvGTg==}
    engines: {node: '>=12'}
    cpu: [arm]
    os: [linux]

  '@esbuild/linux-ia32@0.20.2':
    resolution: {integrity: sha512-o10utieEkNPFDZFQm9CoP7Tvb33UutoJqg3qKf1PWVeeJhJw0Q347PxMvBgVVFgouYLGIhFYG0UGdBumROyiig==}
    engines: {node: '>=12'}
    cpu: [ia32]
    os: [linux]

  '@esbuild/linux-loong64@0.20.2':
    resolution: {integrity: sha512-PR7sp6R/UC4CFVomVINKJ80pMFlfDfMQMYynX7t1tNTeivQ6XdX5r2XovMmha/VjR1YN/HgHWsVcTRIMkymrgQ==}
    engines: {node: '>=12'}
    cpu: [loong64]
    os: [linux]

  '@esbuild/linux-mips64el@0.20.2':
    resolution: {integrity: sha512-4BlTqeutE/KnOiTG5Y6Sb/Hw6hsBOZapOVF6njAESHInhlQAghVVZL1ZpIctBOoTFbQyGW+LsVYZ8lSSB3wkjA==}
    engines: {node: '>=12'}
    cpu: [mips64el]
    os: [linux]

  '@esbuild/linux-ppc64@0.20.2':
    resolution: {integrity: sha512-rD3KsaDprDcfajSKdn25ooz5J5/fWBylaaXkuotBDGnMnDP1Uv5DLAN/45qfnf3JDYyJv/ytGHQaziHUdyzaAg==}
    engines: {node: '>=12'}
    cpu: [ppc64]
    os: [linux]

  '@esbuild/linux-riscv64@0.20.2':
    resolution: {integrity: sha512-snwmBKacKmwTMmhLlz/3aH1Q9T8v45bKYGE3j26TsaOVtjIag4wLfWSiZykXzXuE1kbCE+zJRmwp+ZbIHinnVg==}
    engines: {node: '>=12'}
    cpu: [riscv64]
    os: [linux]

  '@esbuild/linux-s390x@0.20.2':
    resolution: {integrity: sha512-wcWISOobRWNm3cezm5HOZcYz1sKoHLd8VL1dl309DiixxVFoFe/o8HnwuIwn6sXre88Nwj+VwZUvJf4AFxkyrQ==}
    engines: {node: '>=12'}
    cpu: [s390x]
    os: [linux]

  '@esbuild/linux-x64@0.20.2':
    resolution: {integrity: sha512-1MdwI6OOTsfQfek8sLwgyjOXAu+wKhLEoaOLTjbijk6E2WONYpH9ZU2mNtR+lZ2B4uwr+usqGuVfFT9tMtGvGw==}
    engines: {node: '>=12'}
    cpu: [x64]
    os: [linux]

  '@esbuild/netbsd-x64@0.20.2':
    resolution: {integrity: sha512-K8/DhBxcVQkzYc43yJXDSyjlFeHQJBiowJ0uVL6Tor3jGQfSGHNNJcWxNbOI8v5k82prYqzPuwkzHt3J1T1iZQ==}
    engines: {node: '>=12'}
    cpu: [x64]
    os: [netbsd]

  '@esbuild/openbsd-x64@0.20.2':
    resolution: {integrity: sha512-eMpKlV0SThJmmJgiVyN9jTPJ2VBPquf6Kt/nAoo6DgHAoN57K15ZghiHaMvqjCye/uU4X5u3YSMgVBI1h3vKrQ==}
    engines: {node: '>=12'}
    cpu: [x64]
    os: [openbsd]

  '@esbuild/sunos-x64@0.20.2':
    resolution: {integrity: sha512-2UyFtRC6cXLyejf/YEld4Hajo7UHILetzE1vsRcGL3earZEW77JxrFjH4Ez2qaTiEfMgAXxfAZCm1fvM/G/o8w==}
    engines: {node: '>=12'}
    cpu: [x64]
    os: [sunos]

  '@esbuild/win32-arm64@0.20.2':
    resolution: {integrity: sha512-GRibxoawM9ZCnDxnP3usoUDO9vUkpAxIIZ6GQI+IlVmr5kP3zUq+l17xELTHMWTWzjxa2guPNyrpq1GWmPvcGQ==}
    engines: {node: '>=12'}
    cpu: [arm64]
    os: [win32]

  '@esbuild/win32-ia32@0.20.2':
    resolution: {integrity: sha512-HfLOfn9YWmkSKRQqovpnITazdtquEW8/SoHW7pWpuEeguaZI4QnCRW6b+oZTztdBnZOS2hqJ6im/D5cPzBTTlQ==}
    engines: {node: '>=12'}
    cpu: [ia32]
    os: [win32]

  '@esbuild/win32-x64@0.20.2':
    resolution: {integrity: sha512-N49X4lJX27+l9jbLKSqZ6bKNjzQvHaT8IIFUy+YIqmXQdjYCToGWwOItDrfby14c78aDd5NHQl29xingXfCdLQ==}
    engines: {node: '>=12'}
    cpu: [x64]
    os: [win32]

  '@intlify/bundle-utils@8.0.0':
    resolution: {integrity: sha512-1B++zykRnMwQ+20SpsZI1JCnV/YJt9Oq7AGlEurzkWJOFtFAVqaGc/oV36PBRYeiKnTbY9VYfjBimr2Vt42wLQ==}
    engines: {node: '>= 14.16'}
    peerDependencies:
      petite-vue-i18n: '*'
      vue-i18n: '*'
    peerDependenciesMeta:
      petite-vue-i18n:
        optional: true
      vue-i18n:
        optional: true

  '@intlify/core-base@9.13.1':
    resolution: {integrity: sha512-+bcQRkJO9pcX8d0gel9ZNfrzU22sZFSA0WVhfXrf5jdJOS24a+Bp8pozuS9sBI9Hk/tGz83pgKfmqcn/Ci7/8w==}
    engines: {node: '>= 16'}

  '@intlify/message-compiler@9.10.1':
    resolution: {integrity: sha512-b68UTmRhgZfswJZI7VAgW6BXZK5JOpoi5swMLGr4j6ss2XbFY13kiw+Hu+xYAfulMPSapcHzdWHnq21VGnMCnA==}
    engines: {node: '>= 16'}

  '@intlify/message-compiler@9.13.1':
    resolution: {integrity: sha512-SKsVa4ajYGBVm7sHMXd5qX70O2XXjm55zdZB3VeMFCvQyvLew/dLvq3MqnaIsTMF1VkkOb9Ttr6tHcMlyPDL9w==}
    engines: {node: '>= 16'}

  '@intlify/shared@9.10.1':
    resolution: {integrity: sha512-liyH3UMoglHBUn70iCYcy9CQlInx/lp50W2aeSxqqrvmG+LDj/Jj7tBJhBoQL4fECkldGhbmW0g2ommHfL6Wmw==}
    engines: {node: '>= 16'}

  '@intlify/shared@9.13.1':
    resolution: {integrity: sha512-u3b6BKGhE6j/JeRU6C/RL2FgyJfy6LakbtfeVF8fJXURpZZTzfh3e05J0bu0XPw447Q6/WUp3C4ajv4TMS4YsQ==}
    engines: {node: '>= 16'}

  '@intlify/unplugin-vue-i18n@4.0.0':
    resolution: {integrity: sha512-q2Mhqa/mLi0tulfLFO4fMXXvEbkSZpI5yGhNNsLTNJJ41icEGUuyDe+j5zRZIKSkOJRgX6YbCyibTDJdRsukmw==}
    engines: {node: '>= 14.16'}
    peerDependencies:
      petite-vue-i18n: '*'
      vue-i18n: '*'
      vue-i18n-bridge: '*'
    peerDependenciesMeta:
      petite-vue-i18n:
        optional: true
      vue-i18n:
        optional: true
      vue-i18n-bridge:
        optional: true

  '@jridgewell/sourcemap-codec@1.4.15':
    resolution: {integrity: sha512-eF2rxCRulEKXHTRiDrDy6erMYWqNw4LPdQ8UQA4huuxaQsVeRPFl2oM8oDGxMFhJUWZf9McpLtJasDDZb/Bpeg==}

  '@nodelib/fs.scandir@2.1.5':
    resolution: {integrity: sha512-vq24Bq3ym5HEQm2NKCr3yXDwjc7vTsEThRDnkp2DK9p1uqLR+DHurm/NOTo0KG7HYHU7eppKZj3MyqYuMBf62g==}
    engines: {node: '>= 8'}

  '@nodelib/fs.stat@2.0.5':
    resolution: {integrity: sha512-RkhPPp2zrqDAQA/2jNhnztcPAlv64XdhIp7a7454A5ovI7Bukxgt7MX7udwAu3zg1DcpPU0rz3VV1SeaqvY4+A==}
    engines: {node: '>= 8'}

  '@nodelib/fs.walk@1.2.8':
    resolution: {integrity: sha512-oGB+UxlgWcgQkgwo8GcEGwemoTFt3FIO9ababBmaGwXIoBKZ+GTy0pP185beGg7Llih/NSHSV2XAs1lnznocSg==}
    engines: {node: '>= 8'}

  '@rollup/pluginutils@5.1.0':
    resolution: {integrity: sha512-XTIWOPPcpvyKI6L1NHo0lFlCyznUEyPmPY1mc3KpPVDYulHSTvyeLNVW00QTLIAFNhR3kYnJTQHeGqU4M3n09g==}
    engines: {node: '>=14.0.0'}
    peerDependencies:
      rollup: ^1.20.0||^2.0.0||^3.0.0||^4.0.0
    peerDependenciesMeta:
      rollup:
        optional: true

  '@rollup/rollup-android-arm-eabi@4.17.2':
    resolution: {integrity: sha512-NM0jFxY8bB8QLkoKxIQeObCaDlJKewVlIEkuyYKm5An1tdVZ966w2+MPQ2l8LBZLjR+SgyV+nRkTIunzOYBMLQ==}
    cpu: [arm]
    os: [android]

  '@rollup/rollup-android-arm-eabi@4.9.5':
    resolution: {integrity: sha512-idWaG8xeSRCfRq9KpRysDHJ/rEHBEXcHuJ82XY0yYFIWnLMjZv9vF/7DOq8djQ2n3Lk6+3qfSH8AqlmHlmi1MA==}
    cpu: [arm]
    os: [android]

  '@rollup/rollup-android-arm64@4.17.2':
    resolution: {integrity: sha512-yeX/Usk7daNIVwkq2uGoq2BYJKZY1JfyLTaHO/jaiSwi/lsf8fTFoQW/n6IdAsx5tx+iotu2zCJwz8MxI6D/Bw==}
    cpu: [arm64]
    os: [android]

  '@rollup/rollup-android-arm64@4.9.5':
    resolution: {integrity: sha512-f14d7uhAMtsCGjAYwZGv6TwuS3IFaM4ZnGMUn3aCBgkcHAYErhV1Ad97WzBvS2o0aaDv4mVz+syiN0ElMyfBPg==}
    cpu: [arm64]
    os: [android]

  '@rollup/rollup-darwin-arm64@4.17.2':
    resolution: {integrity: sha512-kcMLpE6uCwls023+kknm71ug7MZOrtXo+y5p/tsg6jltpDtgQY1Eq5sGfHcQfb+lfuKwhBmEURDga9N0ol4YPw==}
    cpu: [arm64]
    os: [darwin]

  '@rollup/rollup-darwin-arm64@4.9.5':
    resolution: {integrity: sha512-ndoXeLx455FffL68OIUrVr89Xu1WLzAG4n65R8roDlCoYiQcGGg6MALvs2Ap9zs7AHg8mpHtMpwC8jBBjZrT/w==}
    cpu: [arm64]
    os: [darwin]

  '@rollup/rollup-darwin-x64@4.17.2':
    resolution: {integrity: sha512-AtKwD0VEx0zWkL0ZjixEkp5tbNLzX+FCqGG1SvOu993HnSz4qDI6S4kGzubrEJAljpVkhRSlg5bzpV//E6ysTQ==}
    cpu: [x64]
    os: [darwin]

  '@rollup/rollup-darwin-x64@4.9.5':
    resolution: {integrity: sha512-UmElV1OY2m/1KEEqTlIjieKfVwRg0Zwg4PLgNf0s3glAHXBN99KLpw5A5lrSYCa1Kp63czTpVll2MAqbZYIHoA==}
    cpu: [x64]
    os: [darwin]

  '@rollup/rollup-linux-arm-gnueabihf@4.17.2':
    resolution: {integrity: sha512-3reX2fUHqN7sffBNqmEyMQVj/CKhIHZd4y631duy0hZqI8Qoqf6lTtmAKvJFYa6bhU95B1D0WgzHkmTg33In0A==}
    cpu: [arm]
    os: [linux]

  '@rollup/rollup-linux-arm-gnueabihf@4.9.5':
    resolution: {integrity: sha512-Q0LcU61v92tQB6ae+udZvOyZ0wfpGojtAKrrpAaIqmJ7+psq4cMIhT/9lfV6UQIpeItnq/2QDROhNLo00lOD1g==}
    cpu: [arm]
    os: [linux]

  '@rollup/rollup-linux-arm-musleabihf@4.17.2':
    resolution: {integrity: sha512-uSqpsp91mheRgw96xtyAGP9FW5ChctTFEoXP0r5FAzj/3ZRv3Uxjtc7taRQSaQM/q85KEKjKsZuiZM3GyUivRg==}
    cpu: [arm]
    os: [linux]

  '@rollup/rollup-linux-arm64-gnu@4.17.2':
    resolution: {integrity: sha512-EMMPHkiCRtE8Wdk3Qhtciq6BndLtstqZIroHiiGzB3C5LDJmIZcSzVtLRbwuXuUft1Cnv+9fxuDtDxz3k3EW2A==}
    cpu: [arm64]
    os: [linux]

  '@rollup/rollup-linux-arm64-gnu@4.9.5':
    resolution: {integrity: sha512-dkRscpM+RrR2Ee3eOQmRWFjmV/payHEOrjyq1VZegRUa5OrZJ2MAxBNs05bZuY0YCtpqETDy1Ix4i/hRqX98cA==}
    cpu: [arm64]
    os: [linux]

  '@rollup/rollup-linux-arm64-musl@4.17.2':
    resolution: {integrity: sha512-NMPylUUZ1i0z/xJUIx6VUhISZDRT+uTWpBcjdv0/zkp7b/bQDF+NfnfdzuTiB1G6HTodgoFa93hp0O1xl+/UbA==}
    cpu: [arm64]
    os: [linux]

  '@rollup/rollup-linux-arm64-musl@4.9.5':
    resolution: {integrity: sha512-QaKFVOzzST2xzY4MAmiDmURagWLFh+zZtttuEnuNn19AiZ0T3fhPyjPPGwLNdiDT82ZE91hnfJsUiDwF9DClIQ==}
    cpu: [arm64]
    os: [linux]

  '@rollup/rollup-linux-powerpc64le-gnu@4.17.2':
    resolution: {integrity: sha512-T19My13y8uYXPw/L/k0JYaX1fJKFT/PWdXiHr8mTbXWxjVF1t+8Xl31DgBBvEKclw+1b00Chg0hxE2O7bTG7GQ==}
    cpu: [ppc64]
    os: [linux]

  '@rollup/rollup-linux-riscv64-gnu@4.17.2':
    resolution: {integrity: sha512-BOaNfthf3X3fOWAB+IJ9kxTgPmMqPPH5f5k2DcCsRrBIbWnaJCgX2ll77dV1TdSy9SaXTR5iDXRL8n7AnoP5cg==}
    cpu: [riscv64]
    os: [linux]

  '@rollup/rollup-linux-riscv64-gnu@4.9.5':
    resolution: {integrity: sha512-HeGqmRJuyVg6/X6MpE2ur7GbymBPS8Np0S/vQFHDmocfORT+Zt76qu+69NUoxXzGqVP1pzaY6QIi0FJWLC3OPA==}
    cpu: [riscv64]
    os: [linux]

  '@rollup/rollup-linux-s390x-gnu@4.17.2':
    resolution: {integrity: sha512-W0UP/x7bnn3xN2eYMql2T/+wpASLE5SjObXILTMPUBDB/Fg/FxC+gX4nvCfPBCbNhz51C+HcqQp2qQ4u25ok6g==}
    cpu: [s390x]
    os: [linux]

  '@rollup/rollup-linux-x64-gnu@4.17.2':
    resolution: {integrity: sha512-Hy7pLwByUOuyaFC6mAr7m+oMC+V7qyifzs/nW2OJfC8H4hbCzOX07Ov0VFk/zP3kBsELWNFi7rJtgbKYsav9QQ==}
    cpu: [x64]
    os: [linux]

  '@rollup/rollup-linux-x64-gnu@4.9.5':
    resolution: {integrity: sha512-Dq1bqBdLaZ1Gb/l2e5/+o3B18+8TI9ANlA1SkejZqDgdU/jK/ThYaMPMJpVMMXy2uRHvGKbkz9vheVGdq3cJfA==}
    cpu: [x64]
    os: [linux]

  '@rollup/rollup-linux-x64-musl@4.17.2':
    resolution: {integrity: sha512-h1+yTWeYbRdAyJ/jMiVw0l6fOOm/0D1vNLui9iPuqgRGnXA0u21gAqOyB5iHjlM9MMfNOm9RHCQ7zLIzT0x11Q==}
    cpu: [x64]
    os: [linux]

  '@rollup/rollup-linux-x64-musl@4.9.5':
    resolution: {integrity: sha512-ezyFUOwldYpj7AbkwyW9AJ203peub81CaAIVvckdkyH8EvhEIoKzaMFJj0G4qYJ5sw3BpqhFrsCc30t54HV8vg==}
    cpu: [x64]
    os: [linux]

  '@rollup/rollup-win32-arm64-msvc@4.17.2':
    resolution: {integrity: sha512-tmdtXMfKAjy5+IQsVtDiCfqbynAQE/TQRpWdVataHmhMb9DCoJxp9vLcCBjEQWMiUYxO1QprH/HbY9ragCEFLA==}
    cpu: [arm64]
    os: [win32]

  '@rollup/rollup-win32-arm64-msvc@4.9.5':
    resolution: {integrity: sha512-aHSsMnUw+0UETB0Hlv7B/ZHOGY5bQdwMKJSzGfDfvyhnpmVxLMGnQPGNE9wgqkLUs3+gbG1Qx02S2LLfJ5GaRQ==}
    cpu: [arm64]
    os: [win32]

  '@rollup/rollup-win32-ia32-msvc@4.17.2':
    resolution: {integrity: sha512-7II/QCSTAHuE5vdZaQEwJq2ZACkBpQDOmQsE6D6XUbnBHW8IAhm4eTufL6msLJorzrHDFv3CF8oCA/hSIRuZeQ==}
    cpu: [ia32]
    os: [win32]

  '@rollup/rollup-win32-ia32-msvc@4.9.5':
    resolution: {integrity: sha512-AiqiLkb9KSf7Lj/o1U3SEP9Zn+5NuVKgFdRIZkvd4N0+bYrTOovVd0+LmYCPQGbocT4kvFyK+LXCDiXPBF3fyA==}
    cpu: [ia32]
    os: [win32]

  '@rollup/rollup-win32-x64-msvc@4.17.2':
    resolution: {integrity: sha512-TGGO7v7qOq4CYmSBVEYpI1Y5xDuCEnbVC5Vth8mOsW0gDSzxNrVERPc790IGHsrT2dQSimgMr9Ub3Y1Jci5/8w==}
    cpu: [x64]
    os: [win32]

  '@rollup/rollup-win32-x64-msvc@4.9.5':
    resolution: {integrity: sha512-1q+mykKE3Vot1kaFJIDoUFv5TuW+QQVaf2FmTT9krg86pQrGStOSJJ0Zil7CFagyxDuouTepzt5Y5TVzyajOdQ==}
    cpu: [x64]
    os: [win32]

  '@types/estree@1.0.5':
    resolution: {integrity: sha512-/kYRxGDLWzHOB7q+wtSUQlFrtcdUccpfy+X+9iMBpHK8QLLhx2wIPYuS5DYtR9Wa/YlZAbIovy7qVdB1Aq6Lyw==}

  '@types/node@20.8.2':
    resolution: {integrity: sha512-Vvycsc9FQdwhxE3y3DzeIxuEJbWGDsnrxvMADzTDF/lcdR9/K+AQIeAghTQsHtotg/q0j3WEOYS/jQgSdWue3w==}

  '@vitejs/plugin-vue@5.0.3':
    resolution: {integrity: sha512-b8S5dVS40rgHdDrw+DQi/xOM9ed+kSRZzfm1T74bMmBDCd8XO87NKlFYInzCtwvtWwXZvo1QxE2OSspTATWrbA==}
    engines: {node: ^18.0.0 || >=20.0.0}
    peerDependencies:
      vite: ^5.0.0
      vue: ^3.2.25

  '@volar/language-core@1.10.1':
    resolution: {integrity: sha512-JnsM1mIPdfGPxmoOcK1c7HYAsL6YOv0TCJ4aW3AXPZN/Jb4R77epDyMZIVudSGjWMbvv/JfUa+rQ+dGKTmgwBA==}

  '@volar/source-map@1.10.1':
    resolution: {integrity: sha512-3/S6KQbqa7pGC8CxPrg69qHLpOvkiPHGJtWPkI/1AXCsktkJ6gIk/5z4hyuMp8Anvs6eS/Kvp/GZa3ut3votKA==}

  '@volar/typescript@1.10.1':
    resolution: {integrity: sha512-+iiO9yUSRHIYjlteT+QcdRq8b44qH19/eiUZtjNtuh6D9ailYM7DVR0zO2sEgJlvCaunw/CF9Ov2KooQBpR4VQ==}

  '@vue/compiler-core@3.3.4':
    resolution: {integrity: sha512-cquyDNvZ6jTbf/+x+AgM2Arrp6G4Dzbb0R64jiG804HRMfRiFXWI6kqUVqZ6ZR0bQhIoQjB4+2bhNtVwndW15g==}

  '@vue/compiler-core@3.4.14':
    resolution: {integrity: sha512-ro4Zzl/MPdWs7XwxT7omHRxAjMbDFRZEEjD+2m3NBf8YzAe3HuoSEZosXQo+m1GQ1G3LQ1LdmNh1RKTYe+ssEg==}

  '@vue/compiler-dom@3.3.4':
    resolution: {integrity: sha512-wyM+OjOVpuUukIq6p5+nwHYtj9cFroz9cwkfmP9O1nzH68BenTTv0u7/ndggT8cIQlnBeOo6sUT/gvHcIkLA5w==}

  '@vue/compiler-dom@3.4.14':
    resolution: {integrity: sha512-nOZTY+veWNa0DKAceNWxorAbWm0INHdQq7cejFaWM1WYnoNSJbSEKYtE7Ir6lR/+mo9fttZpPVI9ZFGJ1juUEQ==}

  '@vue/compiler-sfc@3.4.14':
    resolution: {integrity: sha512-1vHc9Kv1jV+YBZC/RJxQJ9JCxildTI+qrhtDh6tPkR1O8S+olBUekimY0km0ZNn8nG1wjtFAe9XHij+YLR8cRQ==}

  '@vue/compiler-ssr@3.4.14':
    resolution: {integrity: sha512-bXT6+oAGlFjTYVOTtFJ4l4Jab1wjsC0cfSfOe2B4Z0N2vD2zOBSQ9w694RsCfhjk+bC2DY5Gubb1rHZVii107Q==}

  '@vue/devtools-api@6.5.0':
    resolution: {integrity: sha512-o9KfBeaBmCKl10usN4crU53fYtC1r7jJwdGKjPT24t348rHxgfpZ0xL3Xm/gLUYnc0oTp8LAmrxOeLyu6tbk2Q==}

  '@vue/language-core@1.8.15':
    resolution: {integrity: sha512-zche5Aw8kkvp3YaghuLiOZyVIpoWHjSQ0EfjxGSsqHOPMamdCoa9x3HtbenpR38UMUoKJ88wiWuiOrV3B/Yq+A==}
    peerDependencies:
      typescript: '*'
    peerDependenciesMeta:
      typescript:
        optional: true

  '@vue/reactivity@3.3.4':
    resolution: {integrity: sha512-kLTDLwd0B1jG08NBF3R5rqULtv/f8x3rOFByTDz4J53ttIQEDmALqKqXY0J+XQeN0aV2FBxY8nJDf88yvOPAqQ==}

  '@vue/reactivity@3.4.14':
    resolution: {integrity: sha512-xRYwze5Q4tK7tT2J4uy4XLhK/AIXdU5EBUu9PLnIHcOKXO0uyXpNNMzlQKuq7B+zwtq6K2wuUL39pHA6ZQzObw==}

  '@vue/runtime-core@3.4.14':
    resolution: {integrity: sha512-qu+NMkfujCoZL6cfqK5NOfxgXJROSlP2ZPs4CTcVR+mLrwl4TtycF5Tgo0QupkdBL+2kigc6EsJlTcuuZC1NaQ==}

  '@vue/runtime-dom@3.4.14':
    resolution: {integrity: sha512-B85XmcR4E7XsirEHVqhmy4HPbRT9WLFWV9Uhie3OapV9m1MEN9+Er6hmUIE6d8/l2sUygpK9RstFM2bmHEUigA==}

  '@vue/server-renderer@3.4.14':
    resolution: {integrity: sha512-pwSKXQfYdJBTpvWHGEYI+akDE18TXAiLcGn+Q/2Fj8wQSHWztoo7PSvfMNqu6NDhp309QXXbPFEGCU5p85HqkA==}
    peerDependencies:
      vue: 3.4.14

  '@vue/shared@3.3.4':
    resolution: {integrity: sha512-7OjdcV8vQ74eiz1TZLzZP4JwqM5fA94K6yntPS5Z25r9HDuGNzaGdgvwKYq6S+MxwF0TFRwe50fIR/MYnakdkQ==}

  '@vue/shared@3.4.14':
    resolution: {integrity: sha512-nmi3BtLpvqXAWoRZ6HQ+pFJOHBU4UnH3vD3opgmwXac7vhaHKA9nj1VeGjMggdB9eLtW83eHyPCmOU1qzdsC7Q==}

  '@vue/typescript@1.8.15':
    resolution: {integrity: sha512-qWyanQKXOsK84S8rP7QBrqsvUdQ0nZABZmTjXMpb3ox4Bp5IbkscREA3OPUrkgl64mAxwwCzIWcOc3BPTCPjQw==}

  acorn-jsx@5.3.2:
    resolution: {integrity: sha512-rq9s+JNhf0IChjtDXxllJ7g41oZk5SlXtp0LHwyA5cejwn7vKmKp4pPri6YEePv2PU65sAsegbXtIinmDFDXgQ==}
    peerDependencies:
      acorn: ^6.0.0 || ^7.0.0 || ^8.0.0

  acorn@8.10.0:
    resolution: {integrity: sha512-F0SAmZ8iUtS//m8DmCTA0jlh6TDKkHQyK6xc6V4KDTyZKA9dnvX9/3sRTVQrWm79glUAZbnmmNcdYwUIHWVybw==}
    engines: {node: '>=0.4.0'}
    hasBin: true

  anymatch@3.1.3:
    resolution: {integrity: sha512-KMReFUr0B4t+D+OBkjR3KYqvocp2XaSzO55UcB6mgQMd3KbcE+mWTyvVV7D/zsdEbNnV6acZUutkiHQXvTr1Rw==}
    engines: {node: '>= 8'}

  argparse@2.0.1:
    resolution: {integrity: sha512-8+9WqebbFzpX9OR+Wa6O29asIogeRMzcGtAINdpMHHyAg10f05aSFVBbcEqGf/PXw1EjAZ+q2/bEBg3DvurK3Q==}

  balanced-match@1.0.2:
    resolution: {integrity: sha512-3oSeUO0TMV67hN1AmbXsK4yaqU7tjiHlbxRDZOpH0KW9+CeX4bRAaX0Anxt0tx2MrpRpWwQaPwIlISEJhYU5Pw==}

  binary-extensions@2.2.0:
    resolution: {integrity: sha512-jDctJ/IVQbZoJykoeHbhXpOlNBqGNcwXJKJog42E5HDPUwQTSdjCHdihjj0DlnheQ7blbT6dHOafNAiS8ooQKA==}
    engines: {node: '>=8'}

  brace-expansion@2.0.1:
    resolution: {integrity: sha512-XnAIvQ8eM+kC6aULx6wuQiwVsnzsi9d3WxzV3FpWTGA19F621kwdbsAcFKXgKUHZWsy+mY6iL1sHTxWEFCytDA==}

  braces@3.0.2:
    resolution: {integrity: sha512-b8um+L1RzM3WDSzvhm6gIz1yfTbBt6YTlcEKAvsmqCZZFw46z626lVj9j1yEPW33H5H+lBQpZMP1k8l+78Ha0A==}
    engines: {node: '>=8'}

  chokidar@3.5.3:
    resolution: {integrity: sha512-Dr3sfKRP6oTcjf2JmUmFJfeVMvXBdegxB0iVQ5eb2V10uFJUCAS8OByZdVAyVb8xXNz3GjjTgj9kLWsZTqE6kw==}
    engines: {node: '>= 8.10.0'}

  csstype@3.1.3:
    resolution: {integrity: sha512-M1uQkMl8rQK/szD0LNhtqxIPLpimGm8sOBwU7lLnCpSbTyY3yeU1Vc7l4KT5zT4s/yOxHH5O7tIuuLOCnLADRw==}

  de-indent@1.0.2:
    resolution: {integrity: sha512-e/1zu3xH5MQryN2zdVaF0OrdNLUbvWxzMbi+iNA6Bky7l1RoP8a2fIbRocyHclXt/arDrrR6lL3TqFD9pMQTsg==}

  debug@4.3.4:
    resolution: {integrity: sha512-PRWFHuSU3eDtQJPvnNY7Jcket1j0t5OuOsFzPPzsekD52Zl8qUfFIPEiswXqIvHWGVHOgX+7G/vCNNhehwxfkQ==}
    engines: {node: '>=6.0'}
    peerDependencies:
      supports-color: '*'
    peerDependenciesMeta:
      supports-color:
        optional: true

  entities@4.5.0:
    resolution: {integrity: sha512-V0hjH4dGPh9Ao5p0MoRY6BVqtwCjhz6vI5LT8AJ55H+4g9/4vbHx1I54fS0XuclLhDHArPQCiMjDxjaL8fPxhw==}
    engines: {node: '>=0.12'}

  esbuild@0.20.2:
    resolution: {integrity: sha512-WdOOppmUNU+IbZ0PaDiTst80zjnrOkyJNHoKupIcVyU8Lvla3Ugx94VzkQ32Ijqd7UhHJy75gNWDMUekcrSJ6g==}
    engines: {node: '>=12'}
    hasBin: true

  escodegen@2.1.0:
    resolution: {integrity: sha512-2NlIDTwUWJN0mRPQOdtQBzbUHvdGY2P1VXSyU83Q3xKxM7WHX2Ql8dKq782Q9TgQUNOLEzEYu9bzLNj1q88I5w==}
    engines: {node: '>=6.0'}
    hasBin: true

  eslint-visitor-keys@3.4.3:
    resolution: {integrity: sha512-wpc+LXeiyiisxPlEkUzU6svyS1frIO3Mgxj1fdy7Pm8Ygzguax2N3Fa/D/ag1WqbOprdI+uY6wMUl8/a2G+iag==}
    engines: {node: ^12.22.0 || ^14.17.0 || >=16.0.0}

  espree@9.6.1:
    resolution: {integrity: sha512-oruZaFkjorTpF32kDSI5/75ViwGeZginGGy2NoOSg3Q9bnwlnmDm4HLnkl0RE3n+njDXR037aY1+x58Z/zFdwQ==}
    engines: {node: ^12.22.0 || ^14.17.0 || >=16.0.0}

  esprima@4.0.1:
    resolution: {integrity: sha512-eGuFFw7Upda+g4p+QHvnW0RyTX/SVeJBDM/gCtMARO0cLuT2HcEKnTPvhjV6aGeqrCB/sbNop0Kszm0jsaWU4A==}
    engines: {node: '>=4'}
    hasBin: true

  estraverse@5.3.0:
    resolution: {integrity: sha512-MMdARuVEQziNTeJD8DgMqmhwR11BRQ/cBP+pLtYdSTnf3MIO8fFeiINEbX36ZdNlfU/7A9f3gUw49B3oQsvwBA==}
    engines: {node: '>=4.0'}

  estree-walker@2.0.2:
    resolution: {integrity: sha512-Rfkk/Mp/DL7JVje3u18FxFujQlTNR2q6QfMSMB7AvCBx91NGj/ba3kCfza0f6dVDbw7YlRf/nDrn7pQrCCyQ/w==}

  esutils@2.0.3:
    resolution: {integrity: sha512-kVscqXk4OCp68SZ0dkgEKVi6/8ij300KBWTJq32P/dYeWTSwK41WyTxalN1eRmA5Z9UU/LX9D7FWSmV9SAYx6g==}
    engines: {node: '>=0.10.0'}

  fast-glob@3.3.1:
    resolution: {integrity: sha512-kNFPyjhh5cKjrUltxs+wFx+ZkbRaxxmZ+X0ZU31SOsxCEtP9VPgtq2teZw1DebupL5GmDaNQ6yKMMVcM41iqDg==}
    engines: {node: '>=8.6.0'}

  fastq@1.15.0:
    resolution: {integrity: sha512-wBrocU2LCXXa+lWBt8RoIRD89Fi8OdABODa/kEnyeyjS5aZO5/GNvI5sEINADqP/h8M29UHTHUb53sUu5Ihqdw==}

  fill-range@7.0.1:
    resolution: {integrity: sha512-qOo9F+dMUmC2Lcb4BbVvnKJxTPjCm+RRpe4gDuGrzkL7mEVl/djYSu2OdQ2Pa302N4oqkSg9ir6jaLWJ2USVpQ==}
    engines: {node: '>=8'}

  fsevents@2.3.3:
    resolution: {integrity: sha512-5xoDfX+fL7faATnagmWPpbFtwh/R77WmMMqqHGS65C3vvB0YHrgF+B1YmZ3441tMj5n63k0212XNoJwzlhffQw==}
    engines: {node: ^8.16.0 || ^10.6.0 || >=11.0.0}
    os: [darwin]

  glob-parent@5.1.2:
    resolution: {integrity: sha512-AOIgSQCepiJYwP3ARnGx+5VnTu2HBYdzbGP45eLw1vr3zB3vZLeyed1sC9hnbcOc9/SrMyM5RPQrkGz4aS9Zow==}
    engines: {node: '>= 6'}

  he@1.2.0:
    resolution: {integrity: sha512-F/1DnUGPopORZi0ni+CvrCgHQ5FyEAHRLSApuYWMmrbSwoN2Mn/7k+Gl38gJnR7yyDZk6WLXwiGod1JOWNDKGw==}
    hasBin: true

  is-binary-path@2.1.0:
    resolution: {integrity: sha512-ZMERYes6pDydyuGidse7OsHxtbI7WVeUEozgR/g7rd0xUimYNlvZRE/K2MgZTjWy725IfelLeVcEM97mmtRGXw==}
    engines: {node: '>=8'}

  is-extglob@2.1.1:
    resolution: {integrity: sha512-SbKbANkN603Vi4jEZv49LeVJMn4yGwsbzZworEoyEiutsN3nJYdbO36zfhGJ6QEDpOZIFkDtnq5JRxmvl3jsoQ==}
    engines: {node: '>=0.10.0'}

  is-glob@4.0.3:
    resolution: {integrity: sha512-xelSayHH36ZgE7ZWhli7pW34hNbNl8Ojv5KVmkJD4hBdD3th8Tfk9vYasLM+mXWOZhFkgZfxhLSnrwRr4elSSg==}
    engines: {node: '>=0.10.0'}

  is-number@7.0.0:
    resolution: {integrity: sha512-41Cifkg6e8TylSpdtTpeLVMqvSBEVzTttHvERD741+pnZ8ANv0004MRL43QKPDlK9cGvNp6NZWZUBlbGXYxxng==}
    engines: {node: '>=0.12.0'}

  js-yaml@4.1.0:
    resolution: {integrity: sha512-wpxZs9NoxZaJESJGIZTyDEaYpl0FKSA+FB9aJiyemKhMwkxQg63h4T1KJgUGHpTqPDNRcmmYLugrRjJlBtWvRA==}
    hasBin: true

  json5@2.2.3:
    resolution: {integrity: sha512-XmOWe7eyHYH14cLdVPoyg+GOH3rYX++KpzrylJwSW98t3Nk+U8XOl8FWKOgwtzdb8lXGf6zYwDUzeHMWfxasyg==}
    engines: {node: '>=6'}
    hasBin: true

  jsonc-eslint-parser@2.3.0:
    resolution: {integrity: sha512-9xZPKVYp9DxnM3sd1yAsh/d59iIaswDkai8oTxbursfKYbg/ibjX0IzFt35+VZ8iEW453TVTXztnRvYUQlAfUQ==}
    engines: {node: ^12.22.0 || ^14.17.0 || >=16.0.0}

  jsonc-parser@3.2.0:
    resolution: {integrity: sha512-gfFQZrcTc8CnKXp6Y4/CBT3fTc0OVuDofpre4aEeEpSBPV5X5v4+Vmx+8snU7RLPrNHPKSgLxGo9YuQzz20o+w==}

  lodash@4.17.21:
    resolution: {integrity: sha512-v2kDEe57lecTulaDIuNTPy3Ry4gLGJ6Z1O3vE1krgXZNrsQ+LFTGHVxVjcXPs17LhbZVGedAJv8XZ1tvj5FvSg==}

  lru-cache@6.0.0:
    resolution: {integrity: sha512-Jo6dJ04CmSjuznwJSS3pUeWmd/H0ffTlkXXgwZi+eq1UCmqQwCh+eLsYOYCwY991i2Fah4h1BEMCx4qThGbsiA==}
    engines: {node: '>=10'}

  magic-string@0.30.5:
    resolution: {integrity: sha512-7xlpfBaQaP/T6Vh8MO/EqXSW5En6INHEvEXQiuff7Gku0PWjU3uf6w/j9o7O+SpB5fOAkrI5HeoNgwjEO0pFsA==}
    engines: {node: '>=12'}

  merge2@1.4.1:
    resolution: {integrity: sha512-8q7VEgMJW4J8tcfVPy8g09NcQwZdbwFEqhe/WZkoIzjn/3TGDwtOCYtXGxA3O8tPzpczCCDgv+P2P5y00ZJOOg==}
    engines: {node: '>= 8'}

  micromatch@4.0.5:
    resolution: {integrity: sha512-DMy+ERcEW2q8Z2Po+WNXuw3c5YaUSFjAO5GsJqfEl7UjvtIuFKO6ZrKvcItdy98dwFI2N1tg3zNIdKaQT+aNdA==}
    engines: {node: '>=8.6'}

  minimatch@9.0.3:
    resolution: {integrity: sha512-RHiac9mvaRw0x3AYRgDC1CxAP7HTcNrrECeA8YYJeWnpo+2Q5CegtZjaotWTWxDG3UeGA1coE05iH1mPjT/2mg==}
    engines: {node: '>=16 || 14 >=14.17'}

  mlly@1.4.2:
    resolution: {integrity: sha512-i/Ykufi2t1EZ6NaPLdfnZk2AX8cs0d+mTzVKuPfqPKPatxLApaBoxJQ9x1/uckXtrS/U5oisPMDkNs0yQTaBRg==}

  ms@2.1.2:
    resolution: {integrity: sha512-sGkPx+VjMtmA6MX27oA4FBFELFCZZ4S4XqeGOXCv68tT+jb3vk/RyaKWP0PTKyWtmLSM0b+adUTEvbs1PEaH2w==}

  muggle-string@0.3.1:
    resolution: {integrity: sha512-ckmWDJjphvd/FvZawgygcUeQCxzvohjFO5RxTjj4eq8kw359gFF3E1brjfI+viLMxss5JrHTDRHZvu2/tuy0Qg==}

  nanoid@3.3.7:
    resolution: {integrity: sha512-eSRppjcPIatRIMC1U6UngP8XFcz8MQWGQdt1MTBQ7NaAmvXDfvNxbvWV3x2y6CdEUciCSsDHDQZbhYaB8QEo2g==}
    engines: {node: ^10 || ^12 || ^13.7 || ^14 || >=15.0.1}
    hasBin: true

  normalize-path@3.0.0:
    resolution: {integrity: sha512-6eZs5Ls3WtCisHWp9S2GUy8dqkpGi4BVSz3GaqiE6ezub0512ESztXUwUB6C6IKbQkY2Pnb/mD4WYojCRwcwLA==}
    engines: {node: '>=0.10.0'}

  pathe@1.1.1:
    resolution: {integrity: sha512-d+RQGp0MAYTIaDBIMmOfMwz3E+LOZnxx1HZd5R18mmCZY0QBlK0LDZfPc8FW8Ed2DlvsuE6PRjroDY+wg4+j/Q==}

  picocolors@1.0.0:
    resolution: {integrity: sha512-1fygroTLlHu66zi26VoTDv8yRgm0Fccecssto+MhsZ0D/DGW2sm8E8AjW7NU5VVTRt5GxbeZ5qBuJr+HyLYkjQ==}

  picomatch@2.3.1:
    resolution: {integrity: sha512-JU3teHTNjmE2VCGFzuY8EXzCDVwEqB2a8fsIvwaStHhAWJEeVd1o1QD80CU6+ZdEXXSLbSsuLwJjkCBWqRQUVA==}
    engines: {node: '>=8.6'}

  pkg-types@1.0.3:
    resolution: {integrity: sha512-nN7pYi0AQqJnoLPC9eHFQ8AcyaixBUOwvqc5TDnIKCMEE6I0y8P7OKA7fPexsXGCGxQDl/cmrLAp26LhcwxZ4A==}

  postcss@8.4.33:
    resolution: {integrity: sha512-Kkpbhhdjw2qQs2O2DGX+8m5OVqEcbB9HRBvuYM9pgrjEFUg30A9LmXNlTAUj4S9kgtGyrMbTzVjH7E+s5Re2yg==}
    engines: {node: ^10 || ^12 || >=14}

  postcss@8.4.38:
    resolution: {integrity: sha512-Wglpdk03BSfXkHoQa3b/oulrotAkwrlLDRSOb9D0bN86FdRyE9lppSp33aHNPgBa0JKCoB+drFLZkQoRRYae5A==}
    engines: {node: ^10 || ^12 || >=14}

  queue-microtask@1.2.3:
    resolution: {integrity: sha512-NuaNSa6flKT5JaSYQzJok04JzTL1CA6aGhv5rfLW3PgqA+M2ChpZQnAC8h8i4ZFkBS8X5RqkDBHA7r4hej3K9A==}

  readdirp@3.6.0:
    resolution: {integrity: sha512-hOS089on8RduqdbhvQ5Z37A0ESjsqz6qnRcffsMU3495FuTdqSm+7bhJ29JvIOsBDEEnan5DPu9t3To9VRlMzA==}
    engines: {node: '>=8.10.0'}

  reusify@1.0.4:
    resolution: {integrity: sha512-U9nH88a3fc/ekCF1l0/UP1IosiuIjyTh7hBvXVMHYgVcfGvt897Xguj2UOLDeI5BG2m7/uwyaLVT6fbtCwTyzw==}
    engines: {iojs: '>=1.0.0', node: '>=0.10.0'}

  rollup@4.17.2:
    resolution: {integrity: sha512-/9ClTJPByC0U4zNLowV1tMBe8yMEAxewtR3cUNX5BoEpGH3dQEWpJLr6CLp0fPdYRF/fzVOgvDb1zXuakwF5kQ==}
    engines: {node: '>=18.0.0', npm: '>=8.0.0'}
    hasBin: true

  rollup@4.9.5:
    resolution: {integrity: sha512-E4vQW0H/mbNMw2yLSqJyjtkHY9dslf/p0zuT1xehNRqUTBOFMqEjguDvqhXr7N7r/4ttb2jr4T41d3dncmIgbQ==}
    engines: {node: '>=18.0.0', npm: '>=8.0.0'}
    hasBin: true

  run-parallel@1.2.0:
    resolution: {integrity: sha512-5l4VyZR86LZ/lDxZTR6jqL8AFE2S0IFLMP26AbjsLVADxHdhB/c0GUsH+y39UfCi3dzz8OlQuPmnaJOMoDHQBA==}

  semver@7.5.4:
    resolution: {integrity: sha512-1bCSESV6Pv+i21Hvpxp3Dx+pSD8lIPt8uVjRrxAUt/nbswYc+tK6Y2btiULjd4+fnq15PX+nqQDC7Oft7WkwcA==}
    engines: {node: '>=10'}
    hasBin: true

  source-map-js@1.0.2:
    resolution: {integrity: sha512-R0XvVJ9WusLiqTCEiGCmICCMplcCkIwwR11mOSD9CR5u+IXYdiseeEuXCVAjS54zqwkLcPNnmU4OeJ6tUrWhDw==}
    engines: {node: '>=0.10.0'}

  source-map-js@1.2.0:
    resolution: {integrity: sha512-itJW8lvSA0TXEphiRoawsCksnlf8SyvmFzIhltqAHluXd88pkCd+cXJVHTDwdCr0IzwptSm035IHQktUu1QUMg==}
    engines: {node: '>=0.10.0'}

  source-map@0.6.1:
    resolution: {integrity: sha512-UjgapumWlbMhkBgzT7Ykc5YXUT46F0iKu8SGXq0bcwP5dz/h0Plj6enJqjz1Zbq2l5WaqYnrVbwWOWMyF3F47g==}
    engines: {node: '>=0.10.0'}

  to-fast-properties@2.0.0:
    resolution: {integrity: sha512-/OaKK0xYrs3DmxRYqL/yDc+FxFUVYhDlXMhRmv3z915w2HF1tnN1omB354j8VUGO/hbRzyD6Y3sA7v7GS/ceog==}
    engines: {node: '>=4'}

  to-regex-range@5.0.1:
    resolution: {integrity: sha512-65P7iz6X5yEr1cwcgvQxbbIw7Uk3gOy5dIdtZ4rDveLqhrdJP+Li/Hx6tyK0NEb+2GCyneCMJiGqrADCSNk8sQ==}
    engines: {node: '>=8.0'}

  typescript@5.3.3:
    resolution: {integrity: sha512-pXWcraxM0uxAS+tN0AG/BF2TyqmHO014Z070UsJ+pFvYuRSq8KH8DmWpnbXe0pEPDHXZV3FcAbJkijJ5oNEnWw==}
    engines: {node: '>=14.17'}
    hasBin: true

  ufo@1.3.1:
    resolution: {integrity: sha512-uY/99gMLIOlJPwATcMVYfqDSxUR9//AUcgZMzwfSTJPDKzA1S8mX4VLqa+fiAtveraQUBCz4FFcwVZBGbwBXIw==}

  unplugin@1.5.0:
    resolution: {integrity: sha512-9ZdRwbh/4gcm1JTOkp9lAkIDrtOyOxgHmY7cjuwI8L/2RTikMcVG25GsZwNAgRuap3iDw2jeq7eoqtAsz5rW3A==}

  vite@5.2.11:
    resolution: {integrity: sha512-HndV31LWW05i1BLPMUCE1B9E9GFbOu1MbenhS58FuK6owSO5qHm7GiCotrNY1YE5rMeQSFBGmT5ZaLEjFizgiQ==}
    engines: {node: ^18.0.0 || >=20.0.0}
    hasBin: true
    peerDependencies:
      '@types/node': ^18.0.0 || >=20.0.0
      less: '*'
      lightningcss: ^1.21.0
      sass: '*'
      stylus: '*'
      sugarss: '*'
      terser: ^5.4.0
    peerDependenciesMeta:
      '@types/node':
        optional: true
      less:
        optional: true
      lightningcss:
        optional: true
      sass:
        optional: true
      stylus:
        optional: true
      sugarss:
        optional: true
      terser:
        optional: true

  vue-i18n@9.13.1:
    resolution: {integrity: sha512-mh0GIxx0wPtPlcB1q4k277y0iKgo25xmDPWioVVYanjPufDBpvu5ySTjP5wOrSvlYQ2m1xI+CFhGdauv/61uQg==}
    engines: {node: '>= 16'}
    peerDependencies:
      vue: ^3.0.0

  vue-template-compiler@2.7.14:
    resolution: {integrity: sha512-zyA5Y3ArvVG0NacJDkkzJuPQDF8RFeRlzV2vLeSnhSpieO6LK2OVbdLPi5MPPs09Ii+gMO8nY4S3iKQxBxDmWQ==}

  vue-tsc@1.8.15:
    resolution: {integrity: sha512-4DoB3LUj7IToLmggoCxRiFG+QU5lem0nv03m1ocqugXA9rSVoTOEoYYaP8vu8b99Eh+/cCVdYOeIAQ+RsgUYUw==}
    hasBin: true
    peerDependencies:
      typescript: '*'

  vue@3.4.14:
    resolution: {integrity: sha512-Rop5Al/ZcBbBz+KjPZaZDgHDX0kUP4duEzDbm+1o91uxYUNmJrZSBuegsNIJvUGy+epLevNRNhLjm08VKTgGyw==}
    peerDependencies:
      typescript: '*'
    peerDependenciesMeta:
      typescript:
        optional: true

  webpack-sources@3.2.3:
    resolution: {integrity: sha512-/DyMEOrDgLKKIG0fmvtz+4dUX/3Ghozwgm6iPp8KRhvn+eQf9+Q7GWxVNMk3+uCPWfdXYC4ExGBckIXdFEfH1w==}
    engines: {node: '>=10.13.0'}

  webpack-virtual-modules@0.5.0:
    resolution: {integrity: sha512-kyDivFZ7ZM0BVOUteVbDFhlRt7Ah/CSPwJdi8hBpkK7QLumUqdLtVfm/PX/hkcnrvr0i77fO5+TjZ94Pe+C9iw==}

  yallist@4.0.0:
    resolution: {integrity: sha512-3wdGidZyq5PB084XLES5TpOSRA3wjXAlIWMhum2kRcv/41Sn2emQ0dycQW4uZXLejwKvg6EsvbdlVL+FYEct7A==}

  yaml-eslint-parser@1.2.2:
    resolution: {integrity: sha512-pEwzfsKbTrB8G3xc/sN7aw1v6A6c/pKxLAkjclnAyo5g5qOh6eL9WGu0o3cSDQZKrTNk4KL4lQSwZW+nBkANEg==}
    engines: {node: ^14.17.0 || >=16.0.0}

  yaml@2.3.2:
    resolution: {integrity: sha512-N/lyzTPaJasoDmfV7YTrYCI0G/3ivm/9wdG0aHuheKowWQwGTsK0Eoiw6utmzAnI6pkJa0DUVygvp3spqqEKXg==}
    engines: {node: '>= 14'}

snapshots:

  '@babel/helper-string-parser@7.22.5': {}

  '@babel/helper-validator-identifier@7.22.20': {}

  '@babel/parser@7.23.0':
    dependencies:
      '@babel/types': 7.23.0

  '@babel/parser@7.23.6':
    dependencies:
      '@babel/types': 7.23.0

  '@babel/types@7.23.0':
    dependencies:
      '@babel/helper-string-parser': 7.22.5
      '@babel/helper-validator-identifier': 7.22.20
      to-fast-properties: 2.0.0

  '@esbuild/aix-ppc64@0.20.2':
    optional: true

  '@esbuild/android-arm64@0.20.2':
    optional: true

  '@esbuild/android-arm@0.20.2':
    optional: true

  '@esbuild/android-x64@0.20.2':
    optional: true

  '@esbuild/darwin-arm64@0.20.2':
    optional: true

  '@esbuild/darwin-x64@0.20.2':
    optional: true

  '@esbuild/freebsd-arm64@0.20.2':
    optional: true

  '@esbuild/freebsd-x64@0.20.2':
    optional: true

  '@esbuild/linux-arm64@0.20.2':
    optional: true

  '@esbuild/linux-arm@0.20.2':
    optional: true

  '@esbuild/linux-ia32@0.20.2':
    optional: true

  '@esbuild/linux-loong64@0.20.2':
    optional: true

  '@esbuild/linux-mips64el@0.20.2':
    optional: true

  '@esbuild/linux-ppc64@0.20.2':
    optional: true

  '@esbuild/linux-riscv64@0.20.2':
    optional: true

  '@esbuild/linux-s390x@0.20.2':
    optional: true

  '@esbuild/linux-x64@0.20.2':
    optional: true

  '@esbuild/netbsd-x64@0.20.2':
    optional: true

  '@esbuild/openbsd-x64@0.20.2':
    optional: true

  '@esbuild/sunos-x64@0.20.2':
    optional: true

  '@esbuild/win32-arm64@0.20.2':
    optional: true

  '@esbuild/win32-ia32@0.20.2':
    optional: true

  '@esbuild/win32-x64@0.20.2':
    optional: true

  '@intlify/bundle-utils@8.0.0(vue-i18n@9.13.1(vue@3.4.14(typescript@5.3.3)))':
    dependencies:
      '@intlify/message-compiler': 9.10.1
      '@intlify/shared': 9.10.1
      acorn: 8.10.0
      escodegen: 2.1.0
      estree-walker: 2.0.2
      jsonc-eslint-parser: 2.3.0
      mlly: 1.4.2
      source-map-js: 1.0.2
      yaml-eslint-parser: 1.2.2
    optionalDependencies:
      vue-i18n: 9.13.1(vue@3.4.14(typescript@5.3.3))

  '@intlify/core-base@9.13.1':
    dependencies:
      '@intlify/message-compiler': 9.13.1
      '@intlify/shared': 9.13.1

  '@intlify/message-compiler@9.10.1':
    dependencies:
      '@intlify/shared': 9.10.1
      source-map-js: 1.0.2

  '@intlify/message-compiler@9.13.1':
    dependencies:
      '@intlify/shared': 9.13.1
      source-map-js: 1.0.2

  '@intlify/shared@9.10.1': {}

  '@intlify/shared@9.13.1': {}

  '@intlify/unplugin-vue-i18n@4.0.0(rollup@4.9.5)(vue-i18n@9.13.1(vue@3.4.14(typescript@5.3.3)))':
    dependencies:
      '@intlify/bundle-utils': 8.0.0(vue-i18n@9.13.1(vue@3.4.14(typescript@5.3.3)))
      '@intlify/shared': 9.10.1
      '@rollup/pluginutils': 5.1.0(rollup@4.9.5)
      '@vue/compiler-sfc': 3.4.14
      debug: 4.3.4
      fast-glob: 3.3.1
      js-yaml: 4.1.0
      json5: 2.2.3
      pathe: 1.1.1
      picocolors: 1.0.0
      source-map-js: 1.0.2
      unplugin: 1.5.0
    optionalDependencies:
      vue-i18n: 9.13.1(vue@3.4.14(typescript@5.3.3))
    transitivePeerDependencies:
      - rollup
      - supports-color

  '@jridgewell/sourcemap-codec@1.4.15': {}

  '@nodelib/fs.scandir@2.1.5':
    dependencies:
      '@nodelib/fs.stat': 2.0.5
      run-parallel: 1.2.0

  '@nodelib/fs.stat@2.0.5': {}

  '@nodelib/fs.walk@1.2.8':
    dependencies:
      '@nodelib/fs.scandir': 2.1.5
      fastq: 1.15.0

  '@rollup/pluginutils@5.1.0(rollup@4.9.5)':
    dependencies:
      '@types/estree': 1.0.5
      estree-walker: 2.0.2
      picomatch: 2.3.1
    optionalDependencies:
      rollup: 4.9.5

  '@rollup/rollup-android-arm-eabi@4.17.2':
    optional: true

  '@rollup/rollup-android-arm-eabi@4.9.5':
    optional: true

  '@rollup/rollup-android-arm64@4.17.2':
    optional: true

  '@rollup/rollup-android-arm64@4.9.5':
    optional: true

  '@rollup/rollup-darwin-arm64@4.17.2':
    optional: true

  '@rollup/rollup-darwin-arm64@4.9.5':
    optional: true

  '@rollup/rollup-darwin-x64@4.17.2':
    optional: true

  '@rollup/rollup-darwin-x64@4.9.5':
    optional: true

  '@rollup/rollup-linux-arm-gnueabihf@4.17.2':
    optional: true

  '@rollup/rollup-linux-arm-gnueabihf@4.9.5':
    optional: true

  '@rollup/rollup-linux-arm-musleabihf@4.17.2':
    optional: true

  '@rollup/rollup-linux-arm64-gnu@4.17.2':
    optional: true

  '@rollup/rollup-linux-arm64-gnu@4.9.5':
    optional: true

  '@rollup/rollup-linux-arm64-musl@4.17.2':
    optional: true

  '@rollup/rollup-linux-arm64-musl@4.9.5':
    optional: true

  '@rollup/rollup-linux-powerpc64le-gnu@4.17.2':
    optional: true

  '@rollup/rollup-linux-riscv64-gnu@4.17.2':
    optional: true

  '@rollup/rollup-linux-riscv64-gnu@4.9.5':
    optional: true

  '@rollup/rollup-linux-s390x-gnu@4.17.2':
    optional: true

  '@rollup/rollup-linux-x64-gnu@4.17.2':
    optional: true

  '@rollup/rollup-linux-x64-gnu@4.9.5':
    optional: true

  '@rollup/rollup-linux-x64-musl@4.17.2':
    optional: true

  '@rollup/rollup-linux-x64-musl@4.9.5':
    optional: true

  '@rollup/rollup-win32-arm64-msvc@4.17.2':
    optional: true

  '@rollup/rollup-win32-arm64-msvc@4.9.5':
    optional: true

  '@rollup/rollup-win32-ia32-msvc@4.17.2':
    optional: true

  '@rollup/rollup-win32-ia32-msvc@4.9.5':
    optional: true

  '@rollup/rollup-win32-x64-msvc@4.17.2':
    optional: true

  '@rollup/rollup-win32-x64-msvc@4.9.5':
    optional: true

  '@types/estree@1.0.5': {}

  '@types/node@20.8.2': {}

  '@vitejs/plugin-vue@5.0.3(vite@5.2.11(@types/node@20.8.2))(vue@3.4.14(typescript@5.3.3))':
    dependencies:
      vite: 5.2.11(@types/node@20.8.2)
      vue: 3.4.14(typescript@5.3.3)

  '@volar/language-core@1.10.1':
    dependencies:
      '@volar/source-map': 1.10.1

  '@volar/source-map@1.10.1':
    dependencies:
      muggle-string: 0.3.1

  '@volar/typescript@1.10.1':
    dependencies:
      '@volar/language-core': 1.10.1

  '@vue/compiler-core@3.3.4':
    dependencies:
      '@babel/parser': 7.23.0
      '@vue/shared': 3.3.4
      estree-walker: 2.0.2
      source-map-js: 1.0.2

  '@vue/compiler-core@3.4.14':
    dependencies:
      '@babel/parser': 7.23.6
      '@vue/shared': 3.4.14
      entities: 4.5.0
      estree-walker: 2.0.2
      source-map-js: 1.0.2

  '@vue/compiler-dom@3.3.4':
    dependencies:
      '@vue/compiler-core': 3.3.4
      '@vue/shared': 3.3.4

  '@vue/compiler-dom@3.4.14':
    dependencies:
      '@vue/compiler-core': 3.4.14
      '@vue/shared': 3.4.14

  '@vue/compiler-sfc@3.4.14':
    dependencies:
      '@babel/parser': 7.23.6
      '@vue/compiler-core': 3.4.14
      '@vue/compiler-dom': 3.4.14
      '@vue/compiler-ssr': 3.4.14
      '@vue/shared': 3.4.14
      estree-walker: 2.0.2
      magic-string: 0.30.5
      postcss: 8.4.33
      source-map-js: 1.0.2

  '@vue/compiler-ssr@3.4.14':
    dependencies:
      '@vue/compiler-dom': 3.4.14
      '@vue/shared': 3.4.14

  '@vue/devtools-api@6.5.0': {}

  '@vue/language-core@1.8.15(typescript@5.3.3)':
    dependencies:
      '@volar/language-core': 1.10.1
      '@volar/source-map': 1.10.1
      '@vue/compiler-dom': 3.3.4
      '@vue/reactivity': 3.3.4
      '@vue/shared': 3.3.4
      minimatch: 9.0.3
      muggle-string: 0.3.1
      vue-template-compiler: 2.7.14
    optionalDependencies:
      typescript: 5.3.3

  '@vue/reactivity@3.3.4':
    dependencies:
      '@vue/shared': 3.3.4

  '@vue/reactivity@3.4.14':
    dependencies:
      '@vue/shared': 3.4.14

  '@vue/runtime-core@3.4.14':
    dependencies:
      '@vue/reactivity': 3.4.14
      '@vue/shared': 3.4.14

  '@vue/runtime-dom@3.4.14':
    dependencies:
      '@vue/runtime-core': 3.4.14
      '@vue/shared': 3.4.14
      csstype: 3.1.3

  '@vue/server-renderer@3.4.14(vue@3.4.14(typescript@5.3.3))':
    dependencies:
      '@vue/compiler-ssr': 3.4.14
      '@vue/shared': 3.4.14
      vue: 3.4.14(typescript@5.3.3)

  '@vue/shared@3.3.4': {}

  '@vue/shared@3.4.14': {}

  '@vue/typescript@1.8.15(typescript@5.3.3)':
    dependencies:
      '@volar/typescript': 1.10.1
      '@vue/language-core': 1.8.15(typescript@5.3.3)
    transitivePeerDependencies:
      - typescript

  acorn-jsx@5.3.2(acorn@8.10.0):
    dependencies:
      acorn: 8.10.0

  acorn@8.10.0: {}

  anymatch@3.1.3:
    dependencies:
      normalize-path: 3.0.0
      picomatch: 2.3.1

  argparse@2.0.1: {}

  balanced-match@1.0.2: {}

  binary-extensions@2.2.0: {}

  brace-expansion@2.0.1:
    dependencies:
      balanced-match: 1.0.2

  braces@3.0.2:
    dependencies:
      fill-range: 7.0.1

  chokidar@3.5.3:
    dependencies:
      anymatch: 3.1.3
      braces: 3.0.2
      glob-parent: 5.1.2
      is-binary-path: 2.1.0
      is-glob: 4.0.3
      normalize-path: 3.0.0
      readdirp: 3.6.0
    optionalDependencies:
      fsevents: 2.3.3

  csstype@3.1.3: {}

  de-indent@1.0.2: {}

  debug@4.3.4:
    dependencies:
      ms: 2.1.2

  entities@4.5.0: {}

  esbuild@0.20.2:
    optionalDependencies:
      '@esbuild/aix-ppc64': 0.20.2
      '@esbuild/android-arm': 0.20.2
      '@esbuild/android-arm64': 0.20.2
      '@esbuild/android-x64': 0.20.2
      '@esbuild/darwin-arm64': 0.20.2
      '@esbuild/darwin-x64': 0.20.2
      '@esbuild/freebsd-arm64': 0.20.2
      '@esbuild/freebsd-x64': 0.20.2
      '@esbuild/linux-arm': 0.20.2
      '@esbuild/linux-arm64': 0.20.2
      '@esbuild/linux-ia32': 0.20.2
      '@esbuild/linux-loong64': 0.20.2
      '@esbuild/linux-mips64el': 0.20.2
      '@esbuild/linux-ppc64': 0.20.2
      '@esbuild/linux-riscv64': 0.20.2
      '@esbuild/linux-s390x': 0.20.2
      '@esbuild/linux-x64': 0.20.2
      '@esbuild/netbsd-x64': 0.20.2
      '@esbuild/openbsd-x64': 0.20.2
      '@esbuild/sunos-x64': 0.20.2
      '@esbuild/win32-arm64': 0.20.2
      '@esbuild/win32-ia32': 0.20.2
      '@esbuild/win32-x64': 0.20.2

  escodegen@2.1.0:
    dependencies:
      esprima: 4.0.1
      estraverse: 5.3.0
      esutils: 2.0.3
    optionalDependencies:
      source-map: 0.6.1

  eslint-visitor-keys@3.4.3: {}

  espree@9.6.1:
    dependencies:
      acorn: 8.10.0
      acorn-jsx: 5.3.2(acorn@8.10.0)
      eslint-visitor-keys: 3.4.3

  esprima@4.0.1: {}

  estraverse@5.3.0: {}

  estree-walker@2.0.2: {}

  esutils@2.0.3: {}

  fast-glob@3.3.1:
    dependencies:
      '@nodelib/fs.stat': 2.0.5
      '@nodelib/fs.walk': 1.2.8
      glob-parent: 5.1.2
      merge2: 1.4.1
      micromatch: 4.0.5

  fastq@1.15.0:
    dependencies:
      reusify: 1.0.4

  fill-range@7.0.1:
    dependencies:
      to-regex-range: 5.0.1

  fsevents@2.3.3:
    optional: true

  glob-parent@5.1.2:
    dependencies:
      is-glob: 4.0.3

  he@1.2.0: {}

  is-binary-path@2.1.0:
    dependencies:
      binary-extensions: 2.2.0

  is-extglob@2.1.1: {}

  is-glob@4.0.3:
    dependencies:
      is-extglob: 2.1.1

  is-number@7.0.0: {}

  js-yaml@4.1.0:
    dependencies:
      argparse: 2.0.1

  json5@2.2.3: {}

  jsonc-eslint-parser@2.3.0:
    dependencies:
      acorn: 8.10.0
      eslint-visitor-keys: 3.4.3
      espree: 9.6.1
      semver: 7.5.4

  jsonc-parser@3.2.0: {}

  lodash@4.17.21: {}

  lru-cache@6.0.0:
    dependencies:
      yallist: 4.0.0

  magic-string@0.30.5:
    dependencies:
      '@jridgewell/sourcemap-codec': 1.4.15

  merge2@1.4.1: {}

  micromatch@4.0.5:
    dependencies:
      braces: 3.0.2
      picomatch: 2.3.1

  minimatch@9.0.3:
    dependencies:
      brace-expansion: 2.0.1

  mlly@1.4.2:
    dependencies:
      acorn: 8.10.0
      pathe: 1.1.1
      pkg-types: 1.0.3
      ufo: 1.3.1

  ms@2.1.2: {}

  muggle-string@0.3.1: {}

  nanoid@3.3.7: {}

  normalize-path@3.0.0: {}

  pathe@1.1.1: {}

  picocolors@1.0.0: {}

  picomatch@2.3.1: {}

  pkg-types@1.0.3:
    dependencies:
      jsonc-parser: 3.2.0
      mlly: 1.4.2
      pathe: 1.1.1

  postcss@8.4.33:
    dependencies:
      nanoid: 3.3.7
      picocolors: 1.0.0
      source-map-js: 1.0.2

  postcss@8.4.38:
    dependencies:
      nanoid: 3.3.7
      picocolors: 1.0.0
      source-map-js: 1.2.0

  queue-microtask@1.2.3: {}

  readdirp@3.6.0:
    dependencies:
      picomatch: 2.3.1

  reusify@1.0.4: {}

  rollup@4.17.2:
    dependencies:
      '@types/estree': 1.0.5
    optionalDependencies:
      '@rollup/rollup-android-arm-eabi': 4.17.2
      '@rollup/rollup-android-arm64': 4.17.2
      '@rollup/rollup-darwin-arm64': 4.17.2
      '@rollup/rollup-darwin-x64': 4.17.2
      '@rollup/rollup-linux-arm-gnueabihf': 4.17.2
      '@rollup/rollup-linux-arm-musleabihf': 4.17.2
      '@rollup/rollup-linux-arm64-gnu': 4.17.2
      '@rollup/rollup-linux-arm64-musl': 4.17.2
      '@rollup/rollup-linux-powerpc64le-gnu': 4.17.2
      '@rollup/rollup-linux-riscv64-gnu': 4.17.2
      '@rollup/rollup-linux-s390x-gnu': 4.17.2
      '@rollup/rollup-linux-x64-gnu': 4.17.2
      '@rollup/rollup-linux-x64-musl': 4.17.2
      '@rollup/rollup-win32-arm64-msvc': 4.17.2
      '@rollup/rollup-win32-ia32-msvc': 4.17.2
      '@rollup/rollup-win32-x64-msvc': 4.17.2
      fsevents: 2.3.3

  rollup@4.9.5:
    dependencies:
      '@types/estree': 1.0.5
    optionalDependencies:
      '@rollup/rollup-android-arm-eabi': 4.9.5
      '@rollup/rollup-android-arm64': 4.9.5
      '@rollup/rollup-darwin-arm64': 4.9.5
      '@rollup/rollup-darwin-x64': 4.9.5
      '@rollup/rollup-linux-arm-gnueabihf': 4.9.5
      '@rollup/rollup-linux-arm64-gnu': 4.9.5
      '@rollup/rollup-linux-arm64-musl': 4.9.5
      '@rollup/rollup-linux-riscv64-gnu': 4.9.5
      '@rollup/rollup-linux-x64-gnu': 4.9.5
      '@rollup/rollup-linux-x64-musl': 4.9.5
      '@rollup/rollup-win32-arm64-msvc': 4.9.5
      '@rollup/rollup-win32-ia32-msvc': 4.9.5
      '@rollup/rollup-win32-x64-msvc': 4.9.5
      fsevents: 2.3.3
    optional: true

  run-parallel@1.2.0:
    dependencies:
      queue-microtask: 1.2.3

  semver@7.5.4:
    dependencies:
      lru-cache: 6.0.0

  source-map-js@1.0.2: {}

  source-map-js@1.2.0: {}

  source-map@0.6.1:
    optional: true

  to-fast-properties@2.0.0: {}

  to-regex-range@5.0.1:
    dependencies:
      is-number: 7.0.0

  typescript@5.3.3: {}

  ufo@1.3.1: {}

  unplugin@1.5.0:
    dependencies:
      acorn: 8.10.0
      chokidar: 3.5.3
      webpack-sources: 3.2.3
      webpack-virtual-modules: 0.5.0

  vite@5.2.11(@types/node@20.8.2):
    dependencies:
      esbuild: 0.20.2
      postcss: 8.4.38
      rollup: 4.17.2
    optionalDependencies:
      '@types/node': 20.8.2
      fsevents: 2.3.3

  vue-i18n@9.13.1(vue@3.4.14(typescript@5.3.3)):
    dependencies:
      '@intlify/core-base': 9.13.1
      '@intlify/shared': 9.13.1
      '@vue/devtools-api': 6.5.0
      vue: 3.4.14(typescript@5.3.3)

  vue-template-compiler@2.7.14:
    dependencies:
      de-indent: 1.0.2
      he: 1.2.0

  vue-tsc@1.8.15(typescript@5.3.3):
    dependencies:
      '@vue/language-core': 1.8.15(typescript@5.3.3)
      '@vue/typescript': 1.8.15(typescript@5.3.3)
      semver: 7.5.4
      typescript: 5.3.3

  vue@3.4.14(typescript@5.3.3):
    dependencies:
      '@vue/compiler-dom': 3.4.14
      '@vue/compiler-sfc': 3.4.14
      '@vue/runtime-dom': 3.4.14
      '@vue/server-renderer': 3.4.14(vue@3.4.14(typescript@5.3.3))
      '@vue/shared': 3.4.14
    optionalDependencies:
      typescript: 5.3.3

  webpack-sources@3.2.3: {}

  webpack-virtual-modules@0.5.0: {}

  yallist@4.0.0: {}

  yaml-eslint-parser@1.2.2:
    dependencies:
      eslint-visitor-keys: 3.4.3
      lodash: 4.17.21
      yaml: 2.3.2

  yaml@2.3.2: {}
